
Microsoft Visual Studio Solution File, Format Version 11.00
# Visual Studio 2010
Project("{FAE04EC0-301F-11D3-BF4B-00C04F79EFBC}") = "10 Seconds! To Boom", "10 Seconds! To Boom\10 Seconds! To Boom.csproj", "{601692C9-A072-4806-A79B-F1CCC8788228}"
EndProject
Global
	GlobalSection(SolutionConfigurationPlatforms) = preSolution
		Debug|x86 = Debug|x86
		Release|x86 = Release|x86
	EndGlobalSection
	GlobalSection(ProjectConfigurationPlatforms) = postSolution
		{601692C9-A072-4806-A79B-F1CCC8788228}.Debug|x86.ActiveCfg = Debug|x86
		{601692C9-A072-4806-A79B-F1CCC8788228}.Debug|x86.Build.0 = Debug|x86
		{601692C9-A072-4806-A79B-F1CCC8788228}.Release|x86.ActiveCfg = Release|x86
		{601692C9-A072-4806-A79B-F1CCC8788228}.Release|x86.Build.0 = Release|x86
	EndGlobalSection
	GlobalSection(SolutionProperties) = preSolution
		HideSolutionNode = FALSE
	EndGlobalSection
EndGlobal
